
Microsoft Visual Studio Solution File, Format Version 12.00
# Visual Studio Version 16
VisualStudioVersion = 16.0.28621.142
MinimumVisualStudioVersion = 10.0.40219.1
Project("{FAE04EC0-301F-11D3-BF4B-00C04F79EFBC}") = "SportsStore", "SportsStore\SportsStore.csproj", "{2B57FE17-ACFC-488B-AD24-09A72D88329C}"
EndProject
Global
	GlobalSection(SolutionConfigurationPlatforms) = preSolution
		Debug|Any CPU = Debug|Any CPU
		Release|Any CPU = Release|Any CPU
	EndGlobalSection
	GlobalSection(ProjectConfigurationPlatforms) = postSolution
		{2B57FE17-ACFC-488B-AD24-09A72D88329C}.Debug|Any CPU.ActiveCfg = Debug|Any CPU
		{2B57FE17-ACFC-488B-AD24-09A72D88329C}.Debug|Any CPU.Build.0 = Debug|Any CPU
		{2B57FE17-ACFC-488B-AD24-09A72D88329C}.Release|Any CPU.ActiveCfg = Release|Any CPU
		{2B57FE17-ACFC-488B-AD24-09A72D88329C}.Release|Any CPU.Build.0 = Release|Any CPU
	EndGlobalSection
	GlobalSection(SolutionProperties) = preSolution
		HideSolutionNode = FALSE
	EndGlobalSection
	GlobalSection(ExtensibilityGlobals) = postSolution
		SolutionGuid = {1AD9E3C9-0CCE-443D-9679-2DDFD37A641A}
	EndGlobalSection
EndGlobal
